
Microsoft Visual Studio Solution File, Format Version 12.00
# Visual Studio Version 17
VisualStudioVersion = 17.5.002.0
MinimumVisualStudioVersion = 10.0.40219.1
Project("{9A19103F-16F7-4668-BE54-9A1E7A4F7556}") = "DuckSimulator", "1_strategy_pattern\DuckSimulator\DuckSimulator.csproj", "{53AD5DFC-FED5-4347-BBDF-D0072EAC0CF1}"
EndProject
Project("{FAE04EC0-301F-11D3-BF4B-00C04F79EFBC}") = "WeatherDisplay", "2_observer_pattern\WeatherDisplay\WeatherDisplay.csproj", "{3B6F2F49-AB69-4CC9-BD53-4237FCD0AA1E}"
EndProject
Global
	GlobalSection(SolutionConfigurationPlatforms) = preSolution
		Debug|Any CPU = Debug|Any CPU
		Release|Any CPU = Release|Any CPU
	EndGlobalSection
	GlobalSection(ProjectConfigurationPlatforms) = postSolution
		{53AD5DFC-FED5-4347-BBDF-D0072EAC0CF1}.Debug|Any CPU.ActiveCfg = Debug|Any CPU
		{53AD5DFC-FED5-4347-BBDF-D0072EAC0CF1}.Debug|Any CPU.Build.0 = Debug|Any CPU
		{53AD5DFC-FED5-4347-BBDF-D0072EAC0CF1}.Release|Any CPU.ActiveCfg = Release|Any CPU
		{53AD5DFC-FED5-4347-BBDF-D0072EAC0CF1}.Release|Any CPU.Build.0 = Release|Any CPU
		{3B6F2F49-AB69-4CC9-BD53-4237FCD0AA1E}.Debug|Any CPU.ActiveCfg = Debug|Any CPU
		{3B6F2F49-AB69-4CC9-BD53-4237FCD0AA1E}.Debug|Any CPU.Build.0 = Debug|Any CPU
		{3B6F2F49-AB69-4CC9-BD53-4237FCD0AA1E}.Release|Any CPU.ActiveCfg = Release|Any CPU
		{3B6F2F49-AB69-4CC9-BD53-4237FCD0AA1E}.Release|Any CPU.Build.0 = Release|Any CPU
	EndGlobalSection
	GlobalSection(SolutionProperties) = preSolution
		HideSolutionNode = FALSE
	EndGlobalSection
	GlobalSection(ExtensibilityGlobals) = postSolution
		SolutionGuid = {A6A7529B-9D40-49C0-91C7-09A86A66A240}
	EndGlobalSection
EndGlobal
